
Microsoft Visual Studio Solution File, Format Version 12.00
# Visual Studio 15
Project("{FAE04EC0-301F-11D3-BF4B-00C04F79EFBC}") = "CSharpPractice", "CSharpPractice\CSharpPractice.csproj", "{A3DD1204-D51A-4831-B23D-28E945193D33}"
EndProject
Global
	GlobalSection(SolutionConfigurationPlatforms) = preSolution
		Debug|Any CPU = Debug|Any CPU
		Release|Any CPU = Release|Any CPU
	EndGlobalSection
	GlobalSection(ProjectConfigurationPlatforms) = postSolution
		{A3DD1204-D51A-4831-B23D-28E945193D33}.Debug|Any CPU.ActiveCfg = Debug|Any CPU
		{A3DD1204-D51A-4831-B23D-28E945193D33}.Debug|Any CPU.Build.0 = Debug|Any CPU
		{A3DD1204-D51A-4831-B23D-28E945193D33}.Release|Any CPU.ActiveCfg = Release|Any CPU
		{A3DD1204-D51A-4831-B23D-28E945193D33}.Release|Any CPU.Build.0 = Release|Any CPU
	EndGlobalSection
EndGlobal
